
Microsoft Visual Studio Solution File, Format Version 12.00
# Visual Studio Version 17
VisualStudioVersion = 17.10.35027.167
MinimumVisualStudioVersion = 10.0.40219.1
Project("{9A19103F-16F7-4668-BE54-9A1E7A4F7556}") = "StudentEnrollmentCRUD", "StudentEnrollmentCRUD\StudentEnrollmentCRUD.csproj", "{B5A6E766-1036-4FD4-892F-A182D676DC0B}"
EndProject
Global
	GlobalSection(SolutionConfigurationPlatforms) = preSolution
		Debug|Any CPU = Debug|Any CPU
		Release|Any CPU = Release|Any CPU
	EndGlobalSection
	GlobalSection(ProjectConfigurationPlatforms) = postSolution
		{B5A6E766-1036-4FD4-892F-A182D676DC0B}.Debug|Any CPU.ActiveCfg = Debug|Any CPU
		{B5A6E766-1036-4FD4-892F-A182D676DC0B}.Debug|Any CPU.Build.0 = Debug|Any CPU
		{B5A6E766-1036-4FD4-892F-A182D676DC0B}.Release|Any CPU.ActiveCfg = Release|Any CPU
		{B5A6E766-1036-4FD4-892F-A182D676DC0B}.Release|Any CPU.Build.0 = Release|Any CPU
	EndGlobalSection
	GlobalSection(SolutionProperties) = preSolution
		HideSolutionNode = FALSE
	EndGlobalSection
	GlobalSection(ExtensibilityGlobals) = postSolution
		SolutionGuid = {E1EA83A7-96C6-4380-915D-6BAE5E8D45AD}
	EndGlobalSection
EndGlobal
